# This file is automatically @generated by Cargo.
# It is not intended for manual editing.
version = 4

[[package]]
name = "addr2line"
version = "0.25.1"
source = "registry+https://github.com/rust-lang/crates.io-index"
checksum = "1b5d307320b3181d6d7954e663bd7c774a838b8220fe0593c86d9fb09f498b4b"
dependencies = [
 "gimli",
 "memmap2",
 "object",
 "rustc-demangle",
 "typed-arena",
]

[[package]]
name = "adler2"
version = "2.0.1"
source = "registry+https://github.com/rust-lang/crates.io-index"
checksum = "320119579fcad9c21884f5c4861d16174d0e06250625266f50fe6898340abefa"

[[package]]
name = "bitflags"
version = "2.13.1"
source = "registry+https://github.com/rust-lang/crates.io-index"
checksum = "b588b76d00fde79687d7646a9b5bdf3cc0f655e0bbd080335a95d7e96f3587da"

[[package]]
name = "cfg-if"
version = "1.0.4"
source = "registry+https://github.com/rust-lang/crates.io-index"
checksum = "9330f8b2ff13f34540b44e946ef35111825727b38d33286ef986142615121801"

[[package]]
name = "crc32fast"
version = "1.5.0"
source = "registry+https://github.com/rust-lang/crates.io-index"
checksum = "9481c1c90cbf2ac953f07c8d4a58aa3945c425b7185c9154d67a65e4230da511"
dependencies = [
 "cfg-if",
]

[[package]]
name = "fallible-iterator"
version = "0.3.0"
source = "registry+https://github.com/rust-lang/crates.io-index"
checksum = "2acce4a10f12dc2fb14a218589d4f1f62ef011b2d0cc4b3cb1bba8e94da14649"

[[package]]
name = "flate2"
version = "1.1.9"
source = "registry+https://github.com/rust-lang/crates.io-index"
checksum = "843fba2746e448b37e26a819579957415c8cef339bf08564fe8b7ddbd959573c"
dependencies = [
 "crc32fast",
 "miniz_oxide",
]

[[package]]
name = "gimli"
version = "0.32.3"
source = "registry+https://github.com/rust-lang/crates.io-index"
checksum = "e629b9b98ef3dd8afe6ca2bd0f89306cec16d43d907889945bc5d6687f2f13c7"
dependencies = [
 "fallible-iterator",
 "stable_deref_trait",
]

[[package]]
name = "libc"
version = "0.2.186"
source = "registry+https://github.com/rust-lang/crates.io-index"
checksum = "68ab91017fe16c622486840e4c83c9a37afeff978bd239b5293d61ece587de66"

[[package]]
name = "libuser"
version = "0.1.0"
dependencies = [
 "xenith-abi",
]

[[package]]
name = "limine"
version = "0.3.2"

[[package]]
name = "log"
version = "0.4.33"
source = "registry+https://github.com/rust-lang/crates.io-index"
checksum = "0ceec5bc11778974d1bcb055b18002eba7f4b3518b6a0081b3af5f21666da9ad"

[[package]]
name = "memchr"
version = "2.8.3"
source = "registry+https://github.com/rust-lang/crates.io-index"
checksum = "cf8baf1c55e62ffcace7a9f06f4bd9cd3f0c4beb022d3b367256b91b87513d98"

[[package]]
name = "memmap2"
version = "0.9.11"
source = "registry+https://github.com/rust-lang/crates.io-index"
checksum = "d1219ed1b7f229ee7104d281dd01d6802fe28bb6e95d292942c4daacdeb798c0"
dependencies = [
 "libc",
]

[[package]]
name = "miniz_oxide"
version = "0.8.9"
source = "registry+https://github.com/rust-lang/crates.io-index"
checksum = "1fa76a2c86f704bdb222d66965fb3d63269ce38518b83cb0575fca855ebb6316"
dependencies = [
 "adler2",
 "simd-adler32",
]

[[package]]
name = "object"
version = "0.37.3"
source = "registry+https://github.com/rust-lang/crates.io-index"
checksum = "ff76201f031d8863c38aa7f905eca4f53abbfa15f609db4277d44cd8938f33fe"
dependencies = [
 "flate2",
 "memchr",
 "ruzstd",
]

[[package]]
name = "rustc-demangle"
version = "0.1.28"
source = "registry+https://github.com/rust-lang/crates.io-index"
checksum = "b74b56ffa8bb2830709a538c2cbcae9aa062db0d2a42563bfb09bdaae44020eb"

[[package]]
name = "ruzstd"
version = "0.8.3"
source = "registry+https://github.com/rust-lang/crates.io-index"
checksum = "a7c1c839d570d835527c9a5e4db7cb2198683a988cb9d7293fc8674e6bd58fc8"
dependencies = [
 "twox-hash",
]

[[package]]
name = "simd-adler32"
version = "0.3.10"
source = "registry+https://github.com/rust-lang/crates.io-index"
checksum = "3a219298ac11a56ea9a6d2120044824d6f01aeb034955e7af7bc16858527deea"

[[package]]
name = "spin"
version = "0.9.9"
source = "registry+https://github.com/rust-lang/crates.io-index"
checksum = "3763264f6b73151db08c50ff20d7d8a0b8796e021cdea7ceedad07b80155fa0e"

[[package]]
name = "stable_deref_trait"
version = "1.2.1"
source = "registry+https://github.com/rust-lang/crates.io-index"
checksum = "6ce2be8dc25455e1f91df71bfa12ad37d7af1092ae736f3a6cd0e37bc7810596"

[[package]]
name = "twox-hash"
version = "2.1.3"
source = "registry+https://github.com/rust-lang/crates.io-index"
checksum = "8464ec13c3691491391d9fce00f6416c9a48e46972f72d7865688be2080192c9"

[[package]]
name = "typed-arena"
version = "2.0.2"
source = "registry+https://github.com/rust-lang/crates.io-index"
checksum = "6af6ae20167a9ece4bcb41af5b80f8a1f1df981f6391189ce00fd257af04126a"

[[package]]
name = "xenith-abi"
version = "0.1.0"

[[package]]
name = "xenith-asm"
version = "0.1.0"
dependencies = [
 "xenith-x86",
]

[[package]]
name = "xenith-bitflags"
version = "0.1.0"

[[package]]
name = "xenith-boot"
version = "0.1.0"
dependencies = [
 "limine",
 "xenith-types",
]

[[package]]
name = "xenith-boot-common"
version = "0.1.0"
dependencies = [
 "xenith-abi",
]

[[package]]
name = "xenith-build"
version = "0.1.0"
dependencies = [
 "xenith-cc",
 "xenith-iso",
]

[[package]]
name = "xenith-cc"
version = "0.1.0"
dependencies = [
 "xenith-asm",
 "xenith-ld",
]

[[package]]
name = "xenith-coreutils"
version = "0.1.0"
dependencies = [
 "libuser",
 "xenith-abi",
]

[[package]]
name = "xenith-debug"
version = "0.1.0"
dependencies = [
 "addr2line",
 "xenith-emu",
]

[[package]]
name = "xenith-desktop"
version = "0.1.0"
dependencies = [
 "libuser",
 "xenith-abi",
]

[[package]]
name = "xenith-disasm"
version = "0.1.0"
dependencies = [
 "xenith-x86",
]

[[package]]
name = "xenith-editor"
version = "0.1.0"
dependencies = [
 "libuser",
 "xenith-abi",
]

[[package]]
name = "xenith-emu"
version = "0.1.0"
dependencies = [
 "limine",
 "xenith-boot-common",
 "xenith-iso",
 "xenith-x86",
]

[[package]]
name = "xenith-examples"
version = "0.1.0"
dependencies = [
 "libuser",
 "xenith-abi",
]

[[package]]
name = "xenith-fs-format"
version = "0.1.0"

[[package]]
name = "xenith-fsck"
version = "0.1.0"
dependencies = [
 "xenith-fs-format",
 "xenith-mkfs",
 "xenith-mount",
]

[[package]]
name = "xenith-init"
version = "0.1.0"
dependencies = [
 "libuser",
 "xenith-abi",
]

[[package]]
name = "xenith-integration"
version = "0.1.0"
dependencies = [
 "xenith-emu",
]

[[package]]
name = "xenith-iso"
version = "0.1.0"

[[package]]
name = "xenith-kernel"
version = "0.1.0"
dependencies = [
 "bitflags",
 "limine",
 "log",
 "spin",
 "xenith-abi",
 "xenith-bitflags",
 "xenith-boot",
 "xenith-fs-format",
 "xenith-types",
]

[[package]]
name = "xenith-ld"
version = "0.1.0"

[[package]]
name = "xenith-libc"
version = "0.1.0"
dependencies = [
 "libuser",
 "xenith-abi",
]

[[package]]
name = "xenith-mkfs"
version = "0.1.0"
dependencies = [
 "xenith-fs-format",
]

[[package]]
name = "xenith-mount"
version = "0.1.0"
dependencies = [
 "xenith-mkfs",
]

[[package]]
name = "xenith-net"
version = "0.1.0"
dependencies = [
 "libuser",
 "xenith-abi",
]

[[package]]
name = "xenith-sh"
version = "0.1.0"
dependencies = [
 "libuser",
 "xenith-abi",
]

[[package]]
name = "xenith-types"
version = "0.1.0"

[[package]]
name = "xenith-vmm"
version = "0.1.0"
dependencies = [
 "xenith-emu",
]

[[package]]
name = "xenith-x86"
version = "0.1.0"
